
Microsoft Visual Studio Solution File, Format Version 12.00
# Visual Studio 2012
Project("{FAE04EC0-301F-11D3-BF4B-00C04F79EFBC}") = "chapter2", "chapter2\chapter2.csproj", "{0398747B-3913-4223-8CAA-0E42EFEF09CC}"
EndProject
Global
	GlobalSection(SolutionConfigurationPlatforms) = preSolution
		Debug|Any CPU = Debug|Any CPU
		Release|Any CPU = Release|Any CPU
	EndGlobalSection
	GlobalSection(ProjectConfigurationPlatforms) = postSolution
		{0398747B-3913-4223-8CAA-0E42EFEF09CC}.Debug|Any CPU.ActiveCfg = Debug|Any CPU
		{0398747B-3913-4223-8CAA-0E42EFEF09CC}.Debug|Any CPU.Build.0 = Debug|Any CPU
		{0398747B-3913-4223-8CAA-0E42EFEF09CC}.Release|Any CPU.ActiveCfg = Release|Any CPU
		{0398747B-3913-4223-8CAA-0E42EFEF09CC}.Release|Any CPU.Build.0 = Release|Any CPU
	EndGlobalSection
EndGlobal
