
Microsoft Visual Studio Solution File, Format Version 12.00
# Visual Studio 2012
Project("{FAE04EC0-301F-11D3-BF4B-00C04F79EFBC}") = "Reflection", "Reflection\Reflection.csproj", "{560ECA1C-5376-492D-9870-9B555B292523}"
EndProject
Project("{FAE04EC0-301F-11D3-BF4B-00C04F79EFBC}") = "HumanResources", "HumanResources\HumanResources.csproj", "{EEEE00B3-AB02-4157-9340-88C4078B1A13}"
EndProject
Project("{FAE04EC0-301F-11D3-BF4B-00C04F79EFBC}") = "AttributeDemo", "Attribute\AttributeDemo.csproj", "{11DEBBAC-EB3E-403B-A0FE-022A8E9D98BC}"
EndProject
Project("{FAE04EC0-301F-11D3-BF4B-00C04F79EFBC}") = "DemoAttribute", "DemoAttribute\DemoAttribute.csproj", "{C444BF2F-DB4F-4CDF-B3C3-E3C1AB570F6F}"
EndProject
Project("{FAE04EC0-301F-11D3-BF4B-00C04F79EFBC}") = "CodeDOM", "CodeDOM\CodeDOM.csproj", "{6FB74375-D013-47B0-AA9D-A90AD0882EBA}"
EndProject
Global
	GlobalSection(SolutionConfigurationPlatforms) = preSolution
		Debug|Any CPU = Debug|Any CPU
		Release|Any CPU = Release|Any CPU
	EndGlobalSection
	GlobalSection(ProjectConfigurationPlatforms) = postSolution
		{560ECA1C-5376-492D-9870-9B555B292523}.Debug|Any CPU.ActiveCfg = Debug|Any CPU
		{560ECA1C-5376-492D-9870-9B555B292523}.Debug|Any CPU.Build.0 = Debug|Any CPU
		{560ECA1C-5376-492D-9870-9B555B292523}.Release|Any CPU.ActiveCfg = Release|Any CPU
		{560ECA1C-5376-492D-9870-9B555B292523}.Release|Any CPU.Build.0 = Release|Any CPU
		{EEEE00B3-AB02-4157-9340-88C4078B1A13}.Debug|Any CPU.ActiveCfg = Debug|Any CPU
		{EEEE00B3-AB02-4157-9340-88C4078B1A13}.Debug|Any CPU.Build.0 = Debug|Any CPU
		{EEEE00B3-AB02-4157-9340-88C4078B1A13}.Release|Any CPU.ActiveCfg = Release|Any CPU
		{EEEE00B3-AB02-4157-9340-88C4078B1A13}.Release|Any CPU.Build.0 = Release|Any CPU
		{11DEBBAC-EB3E-403B-A0FE-022A8E9D98BC}.Debug|Any CPU.ActiveCfg = Debug|Any CPU
		{11DEBBAC-EB3E-403B-A0FE-022A8E9D98BC}.Debug|Any CPU.Build.0 = Debug|Any CPU
		{11DEBBAC-EB3E-403B-A0FE-022A8E9D98BC}.Release|Any CPU.ActiveCfg = Release|Any CPU
		{11DEBBAC-EB3E-403B-A0FE-022A8E9D98BC}.Release|Any CPU.Build.0 = Release|Any CPU
		{C444BF2F-DB4F-4CDF-B3C3-E3C1AB570F6F}.Debug|Any CPU.ActiveCfg = Debug|Any CPU
		{C444BF2F-DB4F-4CDF-B3C3-E3C1AB570F6F}.Debug|Any CPU.Build.0 = Debug|Any CPU
		{C444BF2F-DB4F-4CDF-B3C3-E3C1AB570F6F}.Release|Any CPU.ActiveCfg = Release|Any CPU
		{C444BF2F-DB4F-4CDF-B3C3-E3C1AB570F6F}.Release|Any CPU.Build.0 = Release|Any CPU
		{6FB74375-D013-47B0-AA9D-A90AD0882EBA}.Debug|Any CPU.ActiveCfg = Debug|Any CPU
		{6FB74375-D013-47B0-AA9D-A90AD0882EBA}.Debug|Any CPU.Build.0 = Debug|Any CPU
		{6FB74375-D013-47B0-AA9D-A90AD0882EBA}.Release|Any CPU.ActiveCfg = Release|Any CPU
		{6FB74375-D013-47B0-AA9D-A90AD0882EBA}.Release|Any CPU.Build.0 = Release|Any CPU
	EndGlobalSection
	GlobalSection(SolutionProperties) = preSolution
		HideSolutionNode = FALSE
	EndGlobalSection
EndGlobal
